// !$*UTF8*$!
{
	archiveVersion = 1;
	classes = {
	};
	objectVersion = 56;
	objects = {

/* Begin PBXBuildFile section */
		4C0D65031FD14968A9C8EA57 /* CamstheticsApp.swift in Sources */ = {isa = PBXBuildFile; fileRef = 3F9BBB4CB8344E108C1D3217 /* CamstheticsApp.swift */; };
		63B8B56708014C2AB2716933 /* CamstheticsEngine in Frameworks */ = {isa = PBXBuildFile; productRef = 33000C4DC69D4BC28D043AEA /* CamstheticsEngine */; };
		B618220D6DB395E691651FB3 /* CamstheticsServices in Frameworks */ = {isa = PBXBuildFile; productRef = D0EB9FD3C78DC0490053BD80 /* CamstheticsServices */; };
		674DB76ED41020A6616C419E /* CamstheticsUI in Frameworks */ = {isa = PBXBuildFile; productRef = 0EB4412CCFCE6B80479D5134 /* CamstheticsUI */; };
		5534EECFD80B409C80342EA3 /* CaptureFidelityProofHarness.swift in Sources */ = {isa = PBXBuildFile; fileRef = 02EBB2611E0447E2B01273DF /* CaptureFidelityProofHarness.swift */; };
		099BAD61EB144CDB915495A5 /* CaptureFidelitySidecar.swift in Sources */ = {isa = PBXBuildFile; fileRef = 2F7750DBC1A84EDBBF543605 /* CaptureFidelitySidecar.swift */; };
		1930712084CB4CB7BE044747 /* CaptureFidelityProofView.swift in Sources */ = {isa = PBXBuildFile; fileRef = ED9C1BF121A4423AA25F90BE /* CaptureFidelityProofView.swift */; };
		0C327E1D170BF63A273F5624 /* CameraPreviewView.swift in Sources */ = {isa = PBXBuildFile; fileRef = FE6AD4FC99BE2C0567785909 /* CameraPreviewView.swift */; };
		485FF5F01887B0A9DECD5FC7 /* PreviewValidationScaffold.swift in Sources */ = {isa = PBXBuildFile; fileRef = 7AB455F6D2557B2A27DB754E /* PreviewValidationScaffold.swift */; };
		CA5700000000000000000002 /* CameraGestureTests.swift in Sources */ = {isa = PBXBuildFile; fileRef = CA5700000000000000000001 /* CameraGestureTests.swift */; };
		6F6FD09F65E545AFF4E20F3D /* Assets.xcassets in Resources */ = {isa = PBXBuildFile; fileRef = BF286F00F6BDC6AA555DC070 /* Assets.xcassets */; };
		25D72F4432704183223589DC /* CameraViewModel.swift in Sources */ = {isa = PBXBuildFile; fileRef = 306F1726F4FC049A6A339902 /* CameraViewModel.swift */; };
		6356A4210329020A0EB0973F /* CameraScreen.swift in Sources */ = {isa = PBXBuildFile; fileRef = 428C895E9A20D3450B96888C /* CameraScreen.swift */; };
		A3195680146CDCB692C18F77 /* CapturedPhotoInspectorView.swift in Sources */ = {isa = PBXBuildFile; fileRef = 414DD2D2A0AE3FB531C5A7C7 /* CapturedPhotoInspectorView.swift */; };
		E359F8F9BBABE01F6D9D7D48 /* VisionSmokeTestView.swift in Sources */ = {isa = PBXBuildFile; fileRef = 3A86B7DB793C4880021C1911 /* VisionSmokeTestView.swift */; };
		9FDC25DADEF6D3BD6D52A810 /* CameraScreenTests.swift in Sources */ = {isa = PBXBuildFile; fileRef = 0C534E3CE6F4865B00FD8912 /* CameraScreenTests.swift */; };
/* End PBXBuildFile section */

/* Begin PBXFileReference section */
		3F9BBB4CB8344E108C1D3217 /* CamstheticsApp.swift */ = {isa = PBXFileReference; lastKnownFileType = sourcecode.swift; path = CamstheticsApp.swift; sourceTree = "<group>"; };
		424C8E5FEF7046E296441DEF /* Info.plist */ = {isa = PBXFileReference; lastKnownFileType = text.plist.xml; path = Info.plist; sourceTree = "<group>"; };
		9CFD3857CF404E558FBD94D1 /* Camsthetics.app */ = {isa = PBXFileReference; explicitFileType = wrapper.application; includeInIndex = 0; path = Camsthetics.app; sourceTree = BUILT_PRODUCTS_DIR; };
		02EBB2611E0447E2B01273DF /* CaptureFidelityProofHarness.swift */ = {isa = PBXFileReference; lastKnownFileType = sourcecode.swift; path = CaptureFidelityProofHarness.swift; sourceTree = "<group>"; };
		2F7750DBC1A84EDBBF543605 /* CaptureFidelitySidecar.swift */ = {isa = PBXFileReference; lastKnownFileType = sourcecode.swift; path = CaptureFidelitySidecar.swift; sourceTree = "<group>"; };
		ED9C1BF121A4423AA25F90BE /* CaptureFidelityProofView.swift */ = {isa = PBXFileReference; lastKnownFileType = sourcecode.swift; path = CaptureFidelityProofView.swift; sourceTree = "<group>"; };
		FE6AD4FC99BE2C0567785909 /* CameraPreviewView.swift */ = {isa = PBXFileReference; lastKnownFileType = sourcecode.swift; path = CameraPreviewView.swift; sourceTree = "<group>"; };
		7AB455F6D2557B2A27DB754E /* PreviewValidationScaffold.swift */ = {isa = PBXFileReference; lastKnownFileType = sourcecode.swift; path = PreviewValidationScaffold.swift; sourceTree = "<group>"; };
		CA5700000000000000000001 /* CameraGestureTests.swift */ = {isa = PBXFileReference; lastKnownFileType = sourcecode.swift; path = CameraGestureTests.swift; sourceTree = "<group>"; };
		BF286F00F6BDC6AA555DC070 /* Assets.xcassets */ = {isa = PBXFileReference; lastKnownFileType = folder.assetcatalog; path = Assets.xcassets; sourceTree = "<group>"; };
		306F1726F4FC049A6A339902 /* CameraViewModel.swift */ = {isa = PBXFileReference; lastKnownFileType = sourcecode.swift; path = CameraViewModel.swift; sourceTree = "<group>"; };
		428C895E9A20D3450B96888C /* CameraScreen.swift */ = {isa = PBXFileReference; lastKnownFileType = sourcecode.swift; path = CameraScreen.swift; sourceTree = "<group>"; };
		414DD2D2A0AE3FB531C5A7C7 /* CapturedPhotoInspectorView.swift */ = {isa = PBXFileReference; lastKnownFileType = sourcecode.swift; path = CapturedPhotoInspectorView.swift; sourceTree = "<group>"; };
		3A86B7DB793C4880021C1911 /* VisionSmokeTestView.swift */ = {isa = PBXFileReference; lastKnownFileType = sourcecode.swift; path = VisionSmokeTestView.swift; sourceTree = "<group>"; };
		0C534E3CE6F4865B00FD8912 /* CameraScreenTests.swift */ = {isa = PBXFileReference; lastKnownFileType = sourcecode.swift; path = CameraScreenTests.swift; sourceTree = "<group>"; };
		CA570000000000000000000A /* CamstheticsUITests.xctest */ = {isa = PBXFileReference; explicitFileType = wrapper.cfbundle; includeInIndex = 0; path = CamstheticsUITests.xctest; sourceTree = BUILT_PRODUCTS_DIR; };
/* End PBXFileReference section */

/* Begin PBXFrameworksBuildPhase section */
		321D13D81CDF4337833C4C84 /* Frameworks */ = {
			isa = PBXFrameworksBuildPhase;
			buildActionMask = 2147483647;
			files = (
				63B8B56708014C2AB2716933 /* CamstheticsEngine in Frameworks */,
				B618220D6DB395E691651FB3 /* CamstheticsServices in Frameworks */,
				674DB76ED41020A6616C419E /* CamstheticsUI in Frameworks */,
			);
			runOnlyForDeploymentPostprocessing = 0;
		};
		CA5700000000000000000005 /* Frameworks */ = {
			isa = PBXFrameworksBuildPhase;
			buildActionMask = 2147483647;
			files = (
			);
			runOnlyForDeploymentPostprocessing = 0;
		};
/* End PBXFrameworksBuildPhase section */

/* Begin PBXGroup section */
		92D7650904C84B7AA6685C5A = {
			isa = PBXGroup;
			children = (
				F8983C7576494DE1A57FB2FB /* Camsthetics */,
				CA570000000000000000000B /* CamstheticsUITests */,
				A9B4211351A9438DA638B193 /* Products */,
			);
			sourceTree = "<group>";
		};
		A9B4211351A9438DA638B193 /* Products */ = {
			isa = PBXGroup;
			children = (
				9CFD3857CF404E558FBD94D1 /* Camsthetics.app */,
				CA570000000000000000000A /* CamstheticsUITests.xctest */,
			);
			name = Products;
			sourceTree = "<group>";
		};
		CA570000000000000000000B /* CamstheticsUITests */ = {
			isa = PBXGroup;
			children = (
				CA5700000000000000000001 /* CameraGestureTests.swift */,
				0C534E3CE6F4865B00FD8912 /* CameraScreenTests.swift */,
			);
			path = CamstheticsUITests;
			sourceTree = "<group>";
		};
		F8983C7576494DE1A57FB2FB /* Camsthetics */ = {
			isa = PBXGroup;
			children = (
				3F9BBB4CB8344E108C1D3217 /* CamstheticsApp.swift */,
				424C8E5FEF7046E296441DEF /* Info.plist */,
				CDF279D7AD6A4211AC09086E /* CaptureFidelityProof */,
				FE6AD4FC99BE2C0567785909 /* CameraPreviewView.swift */,
				7AB455F6D2557B2A27DB754E /* PreviewValidationScaffold.swift */,
				DF02E313102F8C2398EB6078 /* CameraScreen */,
				BF286F00F6BDC6AA555DC070 /* Assets.xcassets */,
				9FD822646730CF08BAF43F59 /* VisionSmokeTest */,
			);
			path = Camsthetics;
			sourceTree = "<group>";
		};
		CDF279D7AD6A4211AC09086E /* CaptureFidelityProof */ = {
			isa = PBXGroup;
			children = (
				02EBB2611E0447E2B01273DF /* CaptureFidelityProofHarness.swift */,
				2F7750DBC1A84EDBBF543605 /* CaptureFidelitySidecar.swift */,
				ED9C1BF121A4423AA25F90BE /* CaptureFidelityProofView.swift */,
			);
			path = CaptureFidelityProof;
			sourceTree = "<group>";
		};
		DF02E313102F8C2398EB6078 /* CameraScreen */ = {
			isa = PBXGroup;
			children = (
				306F1726F4FC049A6A339902 /* CameraViewModel.swift */,
				428C895E9A20D3450B96888C /* CameraScreen.swift */,
				414DD2D2A0AE3FB531C5A7C7 /* CapturedPhotoInspectorView.swift */,
			);
			path = CameraScreen;
			sourceTree = "<group>";
		};
		9FD822646730CF08BAF43F59 /* VisionSmokeTest */ = {
			isa = PBXGroup;
			children = (
				3A86B7DB793C4880021C1911 /* VisionSmokeTestView.swift */,
			);
			path = VisionSmokeTest;
			sourceTree = "<group>";
		};
/* End PBXGroup section */

/* Begin PBXNativeTarget section */
		98A9354CFB9A40E78BBB4CBC /* Camsthetics */ = {
			isa = PBXNativeTarget;
			buildConfigurationList = 75E9F11C417C41C897750B10 /* Build configuration list for PBXNativeTarget "Camsthetics" */;
			buildPhases = (
				B0513B4DD87C414483BF2786 /* Sources */,
				321D13D81CDF4337833C4C84 /* Frameworks */,
				FA6730A0D9EF46E3B75FFDD5 /* Resources */,
			);
			buildRules = (
			);
			dependencies = (
			);
			name = Camsthetics;
			packageProductDependencies = (
				33000C4DC69D4BC28D043AEA /* CamstheticsEngine */,
				D0EB9FD3C78DC0490053BD80 /* CamstheticsServices */,
				0EB4412CCFCE6B80479D5134 /* CamstheticsUI */,
			);
			productName = Camsthetics;
			productReference = 9CFD3857CF404E558FBD94D1 /* Camsthetics.app */;
			productType = "com.apple.product-type.application";
		};
		CA5700000000000000000003 /* CamstheticsUITests */ = {
			isa = PBXNativeTarget;
			buildConfigurationList = CA5700000000000000000009 /* Build configuration list for PBXNativeTarget "CamstheticsUITests" */;
			buildPhases = (
				CA5700000000000000000004 /* Sources */,
				CA5700000000000000000005 /* Frameworks */,
				CA5700000000000000000006 /* Resources */,
			);
			buildRules = (
			);
			dependencies = (
				CA570000000000000000000C /* PBXTargetDependency */,
			);
			name = CamstheticsUITests;
			productName = CamstheticsUITests;
			productReference = CA570000000000000000000A /* CamstheticsUITests.xctest */;
			productType = "com.apple.product-type.bundle.ui-testing";
		};
/* End PBXNativeTarget section */

/* Begin PBXContainerItemProxy section */
		CA570000000000000000000D /* PBXContainerItemProxy */ = {
			isa = PBXContainerItemProxy;
			containerPortal = AAFC5AB7A88F4418AAB92D04 /* Project object */;
			proxyType = 1;
			remoteGlobalIDString = 98A9354CFB9A40E78BBB4CBC;
			remoteInfo = Camsthetics;
		};
/* End PBXContainerItemProxy section */

/* Begin PBXTargetDependency section */
		CA570000000000000000000C /* PBXTargetDependency */ = {
			isa = PBXTargetDependency;
			target = 98A9354CFB9A40E78BBB4CBC /* Camsthetics */;
			targetProxy = CA570000000000000000000D /* PBXContainerItemProxy */;
		};
/* End PBXTargetDependency section */

/* Begin PBXProject section */
		AAFC5AB7A88F4418AAB92D04 /* Project object */ = {
			isa = PBXProject;
			attributes = {
				BuildIndependentTargetsInParallel = 1;
				LastSwiftUpdateCheck = 2620;
				LastUpgradeCheck = 2620;
				TargetAttributes = {
					98A9354CFB9A40E78BBB4CBC = {
						CreatedOnToolsVersion = 26.6;
					};
					CA5700000000000000000003 = {
						CreatedOnToolsVersion = 26.6;
						TestTargetID = 98A9354CFB9A40E78BBB4CBC;
					};
				};
			};
			buildConfigurationList = 8A7C3BBB534D4AC1AE065F70 /* Build configuration list for PBXProject "Camsthetics" */;
			compatibilityVersion = "Xcode 14.0";
			developmentRegion = en;
			hasScannedForEncodings = 0;
			knownRegions = (
				en,
				Base,
			);
			mainGroup = 92D7650904C84B7AA6685C5A;
			packageReferences = (
				5DE9FB937D6D427B91604F0E /* XCLocalSwiftPackageReference "../" */,
			);
			productRefGroup = A9B4211351A9438DA638B193 /* Products */;
			projectDirPath = "";
			projectRoot = "";
			targets = (
				98A9354CFB9A40E78BBB4CBC /* Camsthetics */,
				CA5700000000000000000003 /* CamstheticsUITests */,
			);
		};
/* End PBXProject section */

/* Begin PBXResourcesBuildPhase section */
		FA6730A0D9EF46E3B75FFDD5 /* Resources */ = {
			isa = PBXResourcesBuildPhase;
			buildActionMask = 2147483647;
			files = (
				6F6FD09F65E545AFF4E20F3D /* Assets.xcassets in Resources */,
			);
			runOnlyForDeploymentPostprocessing = 0;
		};
		CA5700000000000000000006 /* Resources */ = {
			isa = PBXResourcesBuildPhase;
			buildActionMask = 2147483647;
			files = (
			);
			runOnlyForDeploymentPostprocessing = 0;
		};
/* End PBXResourcesBuildPhase section */

/* Begin PBXSourcesBuildPhase section */
		B0513B4DD87C414483BF2786 /* Sources */ = {
			isa = PBXSourcesBuildPhase;
			buildActionMask = 2147483647;
			files = (
				4C0D65031FD14968A9C8EA57 /* CamstheticsApp.swift in Sources */,
				5534EECFD80B409C80342EA3 /* CaptureFidelityProofHarness.swift in Sources */,
				099BAD61EB144CDB915495A5 /* CaptureFidelitySidecar.swift in Sources */,
				1930712084CB4CB7BE044747 /* CaptureFidelityProofView.swift in Sources */,
				0C327E1D170BF63A273F5624 /* CameraPreviewView.swift in Sources */,
				485FF5F01887B0A9DECD5FC7 /* PreviewValidationScaffold.swift in Sources */,
				25D72F4432704183223589DC /* CameraViewModel.swift in Sources */,
				6356A4210329020A0EB0973F /* CameraScreen.swift in Sources */,
				A3195680146CDCB692C18F77 /* CapturedPhotoInspectorView.swift in Sources */,
				E359F8F9BBABE01F6D9D7D48 /* VisionSmokeTestView.swift in Sources */,
			);
			runOnlyForDeploymentPostprocessing = 0;
		};
		CA5700000000000000000004 /* Sources */ = {
			isa = PBXSourcesBuildPhase;
			buildActionMask = 2147483647;
			files = (
				CA5700000000000000000002 /* CameraGestureTests.swift in Sources */,
				9FDC25DADEF6D3BD6D52A810 /* CameraScreenTests.swift in Sources */,
			);
			runOnlyForDeploymentPostprocessing = 0;
		};
/* End PBXSourcesBuildPhase section */

/* Begin XCBuildConfiguration section */
		D1D20F948B3541839BCF1D08 /* Debug */ = {
			isa = XCBuildConfiguration;
			buildSettings = {
				ALWAYS_SEARCH_USER_PATHS = NO;
				CLANG_ANALYZER_NONNULL = YES;
				CLANG_ANALYZER_NUMBER_OBJECT_CONVERSION = YES_AGGRESSIVE;
				CLANG_CXX_LANGUAGE_STANDARD = "gnu++20";
				CLANG_ENABLE_MODULES = YES;
				CLANG_ENABLE_OBJC_ARC = YES;
				CLANG_ENABLE_OBJC_WEAK = YES;
				CLANG_WARN_BLOCK_CAPTURE_AUTORELEASING = YES;
				CLANG_WARN_BOOL_CONVERSION = YES;
				CLANG_WARN_COMMA = YES;
				CLANG_WARN_CONSTANT_CONVERSION = YES;
				CLANG_WARN_DEPRECATED_OBJC_IMPLEMENTATIONS = YES;
				CLANG_WARN_DIRECT_OBJC_ISA_USAGE = YES_ERROR;
				CLANG_WARN_DOCUMENTATION_COMMENTS = YES;
				CLANG_WARN_EMPTY_BODY = YES;
				CLANG_WARN_ENUM_CONVERSION = YES;
				CLANG_WARN_INFINITE_RECURSION = YES;
				CLANG_WARN_INT_CONVERSION = YES;
				CLANG_WARN_NON_LITERAL_NULL_CONVERSION = YES;
				CLANG_WARN_OBJC_IMPLICIT_RETAIN_SELF = YES;
				CLANG_WARN_OBJC_LITERAL_CONVERSION = YES;
				CLANG_WARN_OBJC_ROOT_CLASS = YES_ERROR;
				CLANG_WARN_QUOTED_INCLUDE_IN_FRAMEWORK_HEADER = YES;
				CLANG_WARN_RANGE_LOOP_ANALYSIS = YES;
				CLANG_WARN_STRICT_PROTOTYPES = YES;
				CLANG_WARN_SUSPICIOUS_MOVE = YES;
				CLANG_WARN_UNGUARDED_AVAILABILITY = YES_AGGRESSIVE;
				CLANG_WARN_UNREACHABLE_CODE = YES;
				CLANG_WARN__DUPLICATE_METHOD_MATCH = YES;
				COPY_PHASE_STRIP = NO;
				DEBUG_INFORMATION_FORMAT = dwarf;
				ENABLE_STRICT_OBJC_MSGSEND = YES;
				ENABLE_TESTABILITY = YES;
				ENABLE_USER_SCRIPT_SANDBOXING = YES;
				GCC_C_LANGUAGE_STANDARD = gnu17;
				GCC_DYNAMIC_NO_PIC = NO;
				GCC_NO_COMMON_BLOCKS = YES;
				GCC_OPTIMIZATION_LEVEL = 0;
				GCC_PREPROCESSOR_DEFINITIONS = (
					"DEBUG=1",
					"$(inherited)",
				);
				GCC_WARN_64_TO_32_BIT_CONVERSION = YES;
				GCC_WARN_ABOUT_RETURN_TYPE = YES_ERROR;
				GCC_WARN_UNDECLARED_SELECTOR = YES;
				GCC_WARN_UNINITIALIZED_AUTOS = YES_AGGRESSIVE;
				GCC_WARN_UNUSED_FUNCTION = YES;
				GCC_WARN_UNUSED_VARIABLE = YES;
				IPHONEOS_DEPLOYMENT_TARGET = 17.0;
				MTL_ENABLE_DEBUG_INFO = INCLUDE_SOURCE;
				MTL_FAST_MATH = YES;
				ONLY_ACTIVE_ARCH = YES;
				SDKROOT = iphoneos;
				SWIFT_ACTIVE_COMPILATION_CONDITIONS = DEBUG;
				SWIFT_OPTIMIZATION_LEVEL = "-Onone";
			};
			name = Debug;
		};
		6FF5B8142F5442308DE75061 /* Release */ = {
			isa = XCBuildConfiguration;
			buildSettings = {
				ALWAYS_SEARCH_USER_PATHS = NO;
				CLANG_ANALYZER_NONNULL = YES;
				CLANG_ANALYZER_NUMBER_OBJECT_CONVERSION = YES_AGGRESSIVE;
				CLANG_CXX_LANGUAGE_STANDARD = "gnu++20";
				CLANG_ENABLE_MODULES = YES;
				CLANG_ENABLE_OBJC_ARC = YES;
				CLANG_ENABLE_OBJC_WEAK = YES;
				CLANG_WARN_BLOCK_CAPTURE_AUTORELEASING = YES;
				CLANG_WARN_BOOL_CONVERSION = YES;
				CLANG_WARN_COMMA = YES;
				CLANG_WARN_CONSTANT_CONVERSION = YES;
				CLANG_WARN_DEPRECATED_OBJC_IMPLEMENTATIONS = YES;
				CLANG_WARN_DIRECT_OBJC_ISA_USAGE = YES_ERROR;
				CLANG_WARN_DOCUMENTATION_COMMENTS = YES;
				CLANG_WARN_EMPTY_BODY = YES;
				CLANG_WARN_ENUM_CONVERSION = YES;
				CLANG_WARN_INFINITE_RECURSION = YES;
				CLANG_WARN_INT_CONVERSION = YES;
				CLANG_WARN_NON_LITERAL_NULL_CONVERSION = YES;
				CLANG_WARN_OBJC_IMPLICIT_RETAIN_SELF = YES;
				CLANG_WARN_OBJC_LITERAL_CONVERSION = YES;
				CLANG_WARN_OBJC_ROOT_CLASS = YES_ERROR;
				CLANG_WARN_QUOTED_INCLUDE_IN_FRAMEWORK_HEADER = YES;
				CLANG_WARN_RANGE_LOOP_ANALYSIS = YES;
				CLANG_WARN_STRICT_PROTOTYPES = YES;
				CLANG_WARN_SUSPICIOUS_MOVE = YES;
				CLANG_WARN_UNGUARDED_AVAILABILITY = YES_AGGRESSIVE;
				CLANG_WARN_UNREACHABLE_CODE = YES;
				CLANG_WARN__DUPLICATE_METHOD_MATCH = YES;
				COPY_PHASE_STRIP = NO;
				DEBUG_INFORMATION_FORMAT = "dwarf-with-dsym";
				ENABLE_NS_ASSERTIONS = NO;
				ENABLE_STRICT_OBJC_MSGSEND = YES;
				ENABLE_USER_SCRIPT_SANDBOXING = YES;
				GCC_C_LANGUAGE_STANDARD = gnu17;
				GCC_NO_COMMON_BLOCKS = YES;
				GCC_WARN_64_TO_32_BIT_CONVERSION = YES;
				GCC_WARN_ABOUT_RETURN_TYPE = YES_ERROR;
				GCC_WARN_UNDECLARED_SELECTOR = YES;
				GCC_WARN_UNINITIALIZED_AUTOS = YES_AGGRESSIVE;
				GCC_WARN_UNUSED_FUNCTION = YES;
				GCC_WARN_UNUSED_VARIABLE = YES;
				IPHONEOS_DEPLOYMENT_TARGET = 17.0;
				MTL_ENABLE_DEBUG_INFO = NO;
				MTL_FAST_MATH = YES;
				SDKROOT = iphoneos;
				SWIFT_COMPILATION_MODE = wholemodule;
				VALIDATE_PRODUCT = YES;
			};
			name = Release;
		};
		86824C1A46744AB794F277D8 /* Debug */ = {
			isa = XCBuildConfiguration;
			buildSettings = {
				ASSETCATALOG_COMPILER_APPICON_NAME = AppIcon;
				ASSETCATALOG_COMPILER_GENERATE_SWIFT_ASSET_SYMBOL_EXTENSIONS = YES;
				CODE_SIGN_STYLE = Automatic;
				CURRENT_PROJECT_VERSION = 1;
				ENABLE_PREVIEWS = YES;
				GENERATE_INFOPLIST_FILE = NO;
				INFOPLIST_FILE = Camsthetics/Info.plist;
				INFOPLIST_KEY_UIApplicationSceneManifest_Generation = NO;
				IPHONEOS_DEPLOYMENT_TARGET = 17.0;
				LD_RUNPATH_SEARCH_PATHS = (
					"$(inherited)",
					"@executable_path/Frameworks",
				);
				MARKETING_VERSION = 1.0;
				PRODUCT_BUNDLE_IDENTIFIER = com.camsthetics.app;
				PRODUCT_NAME = "$(TARGET_NAME)";
				SUPPORTS_MACCATALYST = NO;
				SWIFT_EMIT_LOC_STRINGS = YES;
				SWIFT_VERSION = 5.0;
				TARGETED_DEVICE_FAMILY = "1,2";
			};
			name = Debug;
		};
		A993E921D1E44DDF9574639B /* Release */ = {
			isa = XCBuildConfiguration;
			buildSettings = {
				ASSETCATALOG_COMPILER_APPICON_NAME = AppIcon;
				ASSETCATALOG_COMPILER_GENERATE_SWIFT_ASSET_SYMBOL_EXTENSIONS = YES;
				CODE_SIGN_STYLE = Automatic;
				CURRENT_PROJECT_VERSION = 1;
				ENABLE_PREVIEWS = YES;
				GENERATE_INFOPLIST_FILE = NO;
				INFOPLIST_FILE = Camsthetics/Info.plist;
				INFOPLIST_KEY_UIApplicationSceneManifest_Generation = NO;
				IPHONEOS_DEPLOYMENT_TARGET = 17.0;
				LD_RUNPATH_SEARCH_PATHS = (
					"$(inherited)",
					"@executable_path/Frameworks",
				);
				MARKETING_VERSION = 1.0;
				PRODUCT_BUNDLE_IDENTIFIER = com.camsthetics.app;
				PRODUCT_NAME = "$(TARGET_NAME)";
				SUPPORTS_MACCATALYST = NO;
				SWIFT_EMIT_LOC_STRINGS = YES;
				SWIFT_VERSION = 5.0;
				TARGETED_DEVICE_FAMILY = "1,2";
			};
			name = Release;
		};
		CA5700000000000000000007 /* Debug */ = {
			isa = XCBuildConfiguration;
			buildSettings = {
				CODE_SIGN_STYLE = Automatic;
				CURRENT_PROJECT_VERSION = 1;
				GENERATE_INFOPLIST_FILE = YES;
				IPHONEOS_DEPLOYMENT_TARGET = 17.0;
				MARKETING_VERSION = 1.0;
				PRODUCT_BUNDLE_IDENTIFIER = com.camsthetics.app.uitests;
				PRODUCT_NAME = "$(TARGET_NAME)";
				SWIFT_EMIT_LOC_STRINGS = NO;
				SWIFT_VERSION = 5.0;
				TARGETED_DEVICE_FAMILY = "1,2";
				TEST_TARGET_NAME = Camsthetics;
			};
			name = Debug;
		};
		CA5700000000000000000008 /* Release */ = {
			isa = XCBuildConfiguration;
			buildSettings = {
				CODE_SIGN_STYLE = Automatic;
				CURRENT_PROJECT_VERSION = 1;
				GENERATE_INFOPLIST_FILE = YES;
				IPHONEOS_DEPLOYMENT_TARGET = 17.0;
				MARKETING_VERSION = 1.0;
				PRODUCT_BUNDLE_IDENTIFIER = com.camsthetics.app.uitests;
				PRODUCT_NAME = "$(TARGET_NAME)";
				SWIFT_EMIT_LOC_STRINGS = NO;
				SWIFT_VERSION = 5.0;
				TARGETED_DEVICE_FAMILY = "1,2";
				TEST_TARGET_NAME = Camsthetics;
			};
			name = Release;
		};
/* End XCBuildConfiguration section */

/* Begin XCConfigurationList section */
		8A7C3BBB534D4AC1AE065F70 /* Build configuration list for PBXProject "Camsthetics" */ = {
			isa = XCConfigurationList;
			buildConfigurations = (
				D1D20F948B3541839BCF1D08 /* Debug */,
				6FF5B8142F5442308DE75061 /* Release */,
			);
			defaultConfigurationIsVisible = 0;
			defaultConfigurationName = Release;
		};
		75E9F11C417C41C897750B10 /* Build configuration list for PBXNativeTarget "Camsthetics" */ = {
			isa = XCConfigurationList;
			buildConfigurations = (
				86824C1A46744AB794F277D8 /* Debug */,
				A993E921D1E44DDF9574639B /* Release */,
			);
			defaultConfigurationIsVisible = 0;
			defaultConfigurationName = Release;
		};
		CA5700000000000000000009 /* Build configuration list for PBXNativeTarget "CamstheticsUITests" */ = {
			isa = XCConfigurationList;
			buildConfigurations = (
				CA5700000000000000000007 /* Debug */,
				CA5700000000000000000008 /* Release */,
			);
			defaultConfigurationIsVisible = 0;
			defaultConfigurationName = Release;
		};
/* End XCConfigurationList section */

/* Begin XCLocalSwiftPackageReference section */
		5DE9FB937D6D427B91604F0E /* XCLocalSwiftPackageReference "../" */ = {
			isa = XCLocalSwiftPackageReference;
			relativePath = ../;
		};
/* End XCLocalSwiftPackageReference section */

/* Begin XCSwiftPackageProductDependency section */
		33000C4DC69D4BC28D043AEA /* CamstheticsEngine */ = {
			isa = XCSwiftPackageProductDependency;
			package = 5DE9FB937D6D427B91604F0E /* XCLocalSwiftPackageReference "../" */;
			productName = CamstheticsEngine;
		};
		D0EB9FD3C78DC0490053BD80 /* CamstheticsServices */ = {
			isa = XCSwiftPackageProductDependency;
			package = 5DE9FB937D6D427B91604F0E /* XCLocalSwiftPackageReference "../" */;
			productName = CamstheticsServices;
		};
		0EB4412CCFCE6B80479D5134 /* CamstheticsUI */ = {
			isa = XCSwiftPackageProductDependency;
			package = 5DE9FB937D6D427B91604F0E /* XCLocalSwiftPackageReference "../" */;
			productName = CamstheticsUI;
		};
/* End XCSwiftPackageProductDependency section */
	};
	rootObject = AAFC5AB7A88F4418AAB92D04 /* Project object */;
}
